
Microsoft Visual Studio Solution File, Format Version 12.00
Project("{FAE04EC0-301F-11D3-BF4B-00C04F79EFBC}") = "Task", "Task\Task.csproj", "{AADA0324-FBFD-4B3B-887E-D0AEDD7550E0}"
EndProject
Global
	GlobalSection(SolutionConfigurationPlatforms) = preSolution
		Debug|Any CPU = Debug|Any CPU
		Release|Any CPU = Release|Any CPU
	EndGlobalSection
	GlobalSection(ProjectConfigurationPlatforms) = postSolution
		{AADA0324-FBFD-4B3B-887E-D0AEDD7550E0}.Debug|Any CPU.ActiveCfg = Debug|Any CPU
		{AADA0324-FBFD-4B3B-887E-D0AEDD7550E0}.Debug|Any CPU.Build.0 = Debug|Any CPU
		{AADA0324-FBFD-4B3B-887E-D0AEDD7550E0}.Release|Any CPU.ActiveCfg = Release|Any CPU
		{AADA0324-FBFD-4B3B-887E-D0AEDD7550E0}.Release|Any CPU.Build.0 = Release|Any CPU
	EndGlobalSection
EndGlobal
